{
  "nodes": {
    "nixpkgs": {
      "locked": {
        "lastModified": 1785483748,
        "narHash": "sha256-II2tuu61ElXqjvw0FyZPlwzFrz6zWLczg8xljsZyQRg=",
        "rev": "59ea0b1c043c463e39fcb3cfb9a5c8bcf0777c72",
        "type": "tarball",
        "url": "https://releases.nixos.org/nixpkgs/nixpkgs-26.11pre1044894.59ea0b1c043c/nixexprs.tar.xz"
      },
      "original": {
        "id": "nixpkgs",
        "type": "indirect"
      }
    },
    "nixpkgs-legacy": {
      "locked": {
        "lastModified": 1769068087,
        "narHash": "sha256-EcbT3Vf1vUK5ZtRRCqmzT+DmN4q4KP4PIuiTvq0nR+o=",
        "owner": "NixOS",
        "repo": "nixpkgs",
        "rev": "5d61a47f31092319ab82b44213420974b91c9bc1",
        "type": "github"
      },
      "original": {
        "owner": "NixOS",
        "repo": "nixpkgs",
        "rev": "5d61a47f31092319ab82b44213420974b91c9bc1",
        "type": "github"
      }
    },
    "root": {
      "inputs": {
        "nixpkgs": "nixpkgs",
        "nixpkgs-legacy": "nixpkgs-legacy"
      }
    }
  },
  "root": "root",
  "version": 7
}
